
Microsoft Visual Studio Solution File, Format Version 12.00
# Visual Studio Version 17
VisualStudioVersion = 17.3.32825.248
MinimumVisualStudioVersion = 10.0.40219.1
Project("{FAE04EC0-301F-11D3-BF4B-00C04F79EFBC}") = "onnx_test", "onnx_test\onnx_test.csproj", "{A487E4CE-7E21-4E00-8FE5-34ACE807B36B}"
EndProject
Global
	GlobalSection(SolutionConfigurationPlatforms) = preSolution
		Debug|Any CPU = Debug|Any CPU
		Debug|x64 = Debug|x64
		Release|Any CPU = Release|Any CPU
		Release|x64 = Release|x64
	EndGlobalSection
	GlobalSection(ProjectConfigurationPlatforms) = postSolution
		{A487E4CE-7E21-4E00-8FE5-34ACE807B36B}.Debug|Any CPU.ActiveCfg = Debug|Any CPU
		{A487E4CE-7E21-4E00-8FE5-34ACE807B36B}.Debug|Any CPU.Build.0 = Debug|Any CPU
		{A487E4CE-7E21-4E00-8FE5-34ACE807B36B}.Debug|x64.ActiveCfg = Debug|x64
		{A487E4CE-7E21-4E00-8FE5-34ACE807B36B}.Debug|x64.Build.0 = Debug|x64
		{A487E4CE-7E21-4E00-8FE5-34ACE807B36B}.Release|Any CPU.ActiveCfg = Release|Any CPU
		{A487E4CE-7E21-4E00-8FE5-34ACE807B36B}.Release|Any CPU.Build.0 = Release|Any CPU
		{A487E4CE-7E21-4E00-8FE5-34ACE807B36B}.Release|x64.ActiveCfg = Release|x64
		{A487E4CE-7E21-4E00-8FE5-34ACE807B36B}.Release|x64.Build.0 = Release|x64
	EndGlobalSection
	GlobalSection(SolutionProperties) = preSolution
		HideSolutionNode = FALSE
	EndGlobalSection
	GlobalSection(ExtensibilityGlobals) = postSolution
		SolutionGuid = {6EDAD08C-5A38-4ACA-8579-269ACF4891F8}
	EndGlobalSection
EndGlobal
